{
	"name": "sapphire-markdown",
	"version": "1.0.0",
	"lockfileVersion": 3,
	"requires": true,
	"packages": {
		"": {
			"name": "sapphire-markdown",
			"version": "1.0.0",
			"workspaces": [
				"micromark-sapphire-extension",
				"mdast-util-sapphire",
				"remark-sapphire"
			],
			"devDependencies": {
				"typescript": "^5.8.3"
			}
		},
		"mdast-util-sapphire": {
			"version": "1.0.0"
		},
		"micromark-sapphire-extension": {
			"version": "1.0.0"
		},
		"node_modules/mdast-util-sapphire": {
			"resolved": "mdast-util-sapphire",
			"link": true
		},
		"node_modules/micromark-sapphire-extension": {
			"resolved": "micromark-sapphire-extension",
			"link": true
		},
		"node_modules/remark-sapphire": {
			"resolved": "remark-sapphire",
			"link": true
		},
		"node_modules/typescript": {
			"version": "5.8.3",
			"resolved": "https://registry.npmjs.org/typescript/-/typescript-5.8.3.tgz",
			"integrity": "sha512-p1diW6TqL9L07nNxvRMM7hMMw4c5XOo/1ibL4aAIGmSAt9slTE1Xgw5KWuof2uTOvCg9BY7ZRi+GaF+7sfgPeQ==",
			"dev": true,
			"license": "Apache-2.0",
			"bin": {
				"tsc": "bin/tsc",
				"tsserver": "bin/tsserver"
			},
			"engines": {
				"node": ">=14.17"
			}
		},
		"remark-sapphire": {
			"version": "1.0.0"
		}
	}
}
